
Microsoft Visual Studio Solution File, Format Version 12.00
# Visual Studio 14
VisualStudioVersion = 14.0.23107.0
MinimumVisualStudioVersion = 10.0.40219.1
Project("{8BC9CEB8-8B4A-11D0-8D11-00A0C91BC942}") = "MyIDE", "MyIDE\MyIDE.vcxproj", "{E804F7E9-9CEF-4050-B039-802BEFC11D5F}"
	ProjectSection(ProjectDependencies) = postProject
		{4031642C-BC60-452F-81D2-FE63B5AFDBB6} = {4031642C-BC60-452F-81D2-FE63B5AFDBB6}
	EndProjectSection
EndProject
Project("{F184B08F-C81C-45F6-A57F-5ABD9991F28F}") = "MyAlgo", "MyAlgo\MyAlgo.vbproj", "{4031642C-BC60-452F-81D2-FE63B5AFDBB6}"
	ProjectSection(ProjectDependencies) = postProject
		{7C150484-E15F-4171-886B-F7596477DF2E} = {7C150484-E15F-4171-886B-F7596477DF2E}
	EndProjectSection
EndProject
Project("{8BC9CEB8-8B4A-11D0-8D11-00A0C91BC942}") = "MySys", "MySys\MySys.vcxproj", "{7C150484-E15F-4171-886B-F7596477DF2E}"
EndProject
Project("{F184B08F-C81C-45F6-A57F-5ABD9991F28F}") = "MyView", "MyView\MyView.vbproj", "{31C253AA-CC9E-4BA5-B7AF-0D8E737DBEEE}"
EndProject
Project("{F184B08F-C81C-45F6-A57F-5ABD9991F28F}") = "WebIDE", "WebIDE\WebIDE.vbproj", "{A7B6B837-BE84-4CE7-A6C7-C5C07E1D2573}"
EndProject
Project("{F184B08F-C81C-45F6-A57F-5ABD9991F28F}") = "WebIDE.Web", "WebIDE.Web\WebIDE.Web.vbproj", "{D340F2EE-A42A-47E0-8E17-A1A0ED9942DE}"
EndProject
Project("{F184B08F-C81C-45F6-A57F-5ABD9991F28F}") = "ViewSrc", "ViewSrc\ViewSrc.vbproj", "{9F09CFF5-3F23-46E4-AF28-EBE011F492EA}"
EndProject
Project("{F184B08F-C81C-45F6-A57F-5ABD9991F28F}") = "InvariantBasicOrigin", "InvariantBasicOrigin\InvariantBasicOrigin.vbproj", "{F3D47CD9-9D31-4ABB-9574-8BC3B535BC1E}"
EndProject
Global
	GlobalSection(SolutionConfigurationPlatforms) = preSolution
		Debug|Any CPU = Debug|Any CPU
		Debug|ARM = Debug|ARM
		Debug|Mixed Platforms = Debug|Mixed Platforms
		Debug|Win32 = Debug|Win32
		Debug|x64 = Debug|x64
		Release|Any CPU = Release|Any CPU
		Release|ARM = Release|ARM
		Release|Mixed Platforms = Release|Mixed Platforms
		Release|Win32 = Release|Win32
		Release|x64 = Release|x64
	EndGlobalSection
	GlobalSection(ProjectConfigurationPlatforms) = postSolution
		{E804F7E9-9CEF-4050-B039-802BEFC11D5F}.Debug|Any CPU.ActiveCfg = Debug|Win32
		{E804F7E9-9CEF-4050-B039-802BEFC11D5F}.Debug|ARM.ActiveCfg = Debug|Win32
		{E804F7E9-9CEF-4050-B039-802BEFC11D5F}.Debug|Mixed Platforms.ActiveCfg = Debug|Win32
		{E804F7E9-9CEF-4050-B039-802BEFC11D5F}.Debug|Mixed Platforms.Build.0 = Debug|Win32
		{E804F7E9-9CEF-4050-B039-802BEFC11D5F}.Debug|Win32.ActiveCfg = Debug|Win32
		{E804F7E9-9CEF-4050-B039-802BEFC11D5F}.Debug|Win32.Build.0 = Debug|Win32
		{E804F7E9-9CEF-4050-B039-802BEFC11D5F}.Debug|x64.ActiveCfg = Debug|Win32
		{E804F7E9-9CEF-4050-B039-802BEFC11D5F}.Release|Any CPU.ActiveCfg = Release|Win32
		{E804F7E9-9CEF-4050-B039-802BEFC11D5F}.Release|ARM.ActiveCfg = Release|Win32
		{E804F7E9-9CEF-4050-B039-802BEFC11D5F}.Release|Mixed Platforms.ActiveCfg = Release|Win32
		{E804F7E9-9CEF-4050-B039-802BEFC11D5F}.Release|Mixed Platforms.Build.0 = Release|Win32
		{E804F7E9-9CEF-4050-B039-802BEFC11D5F}.Release|Win32.ActiveCfg = Release|Win32
		{E804F7E9-9CEF-4050-B039-802BEFC11D5F}.Release|Win32.Build.0 = Release|Win32
		{E804F7E9-9CEF-4050-B039-802BEFC11D5F}.Release|x64.ActiveCfg = Release|Win32
		{4031642C-BC60-452F-81D2-FE63B5AFDBB6}.Debug|Any CPU.ActiveCfg = Debug|Any CPU
		{4031642C-BC60-452F-81D2-FE63B5AFDBB6}.Debug|Any CPU.Build.0 = Debug|Any CPU
		{4031642C-BC60-452F-81D2-FE63B5AFDBB6}.Debug|ARM.ActiveCfg = Debug|Any CPU
		{4031642C-BC60-452F-81D2-FE63B5AFDBB6}.Debug|ARM.Build.0 = Debug|Any CPU
		{4031642C-BC60-452F-81D2-FE63B5AFDBB6}.Debug|Mixed Platforms.ActiveCfg = Debug|Any CPU
		{4031642C-BC60-452F-81D2-FE63B5AFDBB6}.Debug|Mixed Platforms.Build.0 = Debug|Any CPU
		{4031642C-BC60-452F-81D2-FE63B5AFDBB6}.Debug|Win32.ActiveCfg = Debug|Any CPU
		{4031642C-BC60-452F-81D2-FE63B5AFDBB6}.Debug|Win32.Build.0 = Debug|Any CPU
		{4031642C-BC60-452F-81D2-FE63B5AFDBB6}.Debug|x64.ActiveCfg = Debug|Any CPU
		{4031642C-BC60-452F-81D2-FE63B5AFDBB6}.Debug|x64.Build.0 = Debug|Any CPU
		{4031642C-BC60-452F-81D2-FE63B5AFDBB6}.Release|Any CPU.ActiveCfg = Release|Any CPU
		{4031642C-BC60-452F-81D2-FE63B5AFDBB6}.Release|Any CPU.Build.0 = Release|Any CPU
		{4031642C-BC60-452F-81D2-FE63B5AFDBB6}.Release|ARM.ActiveCfg = Release|Any CPU
		{4031642C-BC60-452F-81D2-FE63B5AFDBB6}.Release|ARM.Build.0 = Release|Any CPU
		{4031642C-BC60-452F-81D2-FE63B5AFDBB6}.Release|Mixed Platforms.ActiveCfg = Release|Any CPU
		{4031642C-BC60-452F-81D2-FE63B5AFDBB6}.Release|Mixed Platforms.Build.0 = Release|Any CPU
		{4031642C-BC60-452F-81D2-FE63B5AFDBB6}.Release|Win32.ActiveCfg = Release|Any CPU
		{4031642C-BC60-452F-81D2-FE63B5AFDBB6}.Release|x64.ActiveCfg = Release|Any CPU
		{4031642C-BC60-452F-81D2-FE63B5AFDBB6}.Release|x64.Build.0 = Release|Any CPU
		{7C150484-E15F-4171-886B-F7596477DF2E}.Debug|Any CPU.ActiveCfg = Debug|Win32
		{7C150484-E15F-4171-886B-F7596477DF2E}.Debug|ARM.ActiveCfg = Debug|Win32
		{7C150484-E15F-4171-886B-F7596477DF2E}.Debug|Mixed Platforms.ActiveCfg = Debug|Win32
		{7C150484-E15F-4171-886B-F7596477DF2E}.Debug|Mixed Platforms.Build.0 = Debug|Win32
		{7C150484-E15F-4171-886B-F7596477DF2E}.Debug|Win32.ActiveCfg = Debug|Win32
		{7C150484-E15F-4171-886B-F7596477DF2E}.Debug|Win32.Build.0 = Debug|Win32
		{7C150484-E15F-4171-886B-F7596477DF2E}.Debug|x64.ActiveCfg = Debug|Win32
		{7C150484-E15F-4171-886B-F7596477DF2E}.Release|Any CPU.ActiveCfg = Release|Win32
		{7C150484-E15F-4171-886B-F7596477DF2E}.Release|ARM.ActiveCfg = Release|Win32
		{7C150484-E15F-4171-886B-F7596477DF2E}.Release|Mixed Platforms.ActiveCfg = Release|Win32
		{7C150484-E15F-4171-886B-F7596477DF2E}.Release|Mixed Platforms.Build.0 = Release|Win32
		{7C150484-E15F-4171-886B-F7596477DF2E}.Release|Win32.ActiveCfg = Release|Win32
		{7C150484-E15F-4171-886B-F7596477DF2E}.Release|Win32.Build.0 = Release|Win32
		{7C150484-E15F-4171-886B-F7596477DF2E}.Release|x64.ActiveCfg = Release|Win32
		{31C253AA-CC9E-4BA5-B7AF-0D8E737DBEEE}.Debug|Any CPU.ActiveCfg = Debug|Any CPU
		{31C253AA-CC9E-4BA5-B7AF-0D8E737DBEEE}.Debug|Any CPU.Build.0 = Debug|Any CPU
		{31C253AA-CC9E-4BA5-B7AF-0D8E737DBEEE}.Debug|ARM.ActiveCfg = Debug|Any CPU
		{31C253AA-CC9E-4BA5-B7AF-0D8E737DBEEE}.Debug|ARM.Build.0 = Debug|Any CPU
		{31C253AA-CC9E-4BA5-B7AF-0D8E737DBEEE}.Debug|Mixed Platforms.ActiveCfg = Debug|Any CPU
		{31C253AA-CC9E-4BA5-B7AF-0D8E737DBEEE}.Debug|Mixed Platforms.Build.0 = Debug|Any CPU
		{31C253AA-CC9E-4BA5-B7AF-0D8E737DBEEE}.Debug|Win32.ActiveCfg = Debug|Any CPU
		{31C253AA-CC9E-4BA5-B7AF-0D8E737DBEEE}.Debug|Win32.Build.0 = Debug|Any CPU
		{31C253AA-CC9E-4BA5-B7AF-0D8E737DBEEE}.Debug|x64.ActiveCfg = Debug|Any CPU
		{31C253AA-CC9E-4BA5-B7AF-0D8E737DBEEE}.Debug|x64.Build.0 = Debug|Any CPU
		{31C253AA-CC9E-4BA5-B7AF-0D8E737DBEEE}.Release|Any CPU.ActiveCfg = Release|Any CPU
		{31C253AA-CC9E-4BA5-B7AF-0D8E737DBEEE}.Release|Any CPU.Build.0 = Release|Any CPU
		{31C253AA-CC9E-4BA5-B7AF-0D8E737DBEEE}.Release|ARM.ActiveCfg = Release|Any CPU
		{31C253AA-CC9E-4BA5-B7AF-0D8E737DBEEE}.Release|ARM.Build.0 = Release|Any CPU
		{31C253AA-CC9E-4BA5-B7AF-0D8E737DBEEE}.Release|Mixed Platforms.ActiveCfg = Release|Any CPU
		{31C253AA-CC9E-4BA5-B7AF-0D8E737DBEEE}.Release|Mixed Platforms.Build.0 = Release|Any CPU
		{31C253AA-CC9E-4BA5-B7AF-0D8E737DBEEE}.Release|Win32.ActiveCfg = Release|Any CPU
		{31C253AA-CC9E-4BA5-B7AF-0D8E737DBEEE}.Release|x64.ActiveCfg = Release|Any CPU
		{31C253AA-CC9E-4BA5-B7AF-0D8E737DBEEE}.Release|x64.Build.0 = Release|Any CPU
		{A7B6B837-BE84-4CE7-A6C7-C5C07E1D2573}.Debug|Any CPU.ActiveCfg = Debug|Any CPU
		{A7B6B837-BE84-4CE7-A6C7-C5C07E1D2573}.Debug|Any CPU.Build.0 = Debug|Any CPU
		{A7B6B837-BE84-4CE7-A6C7-C5C07E1D2573}.Debug|ARM.ActiveCfg = Debug|Any CPU
		{A7B6B837-BE84-4CE7-A6C7-C5C07E1D2573}.Debug|ARM.Build.0 = Debug|Any CPU
		{A7B6B837-BE84-4CE7-A6C7-C5C07E1D2573}.Debug|Mixed Platforms.ActiveCfg = Debug|Any CPU
		{A7B6B837-BE84-4CE7-A6C7-C5C07E1D2573}.Debug|Win32.ActiveCfg = Debug|Any CPU
		{A7B6B837-BE84-4CE7-A6C7-C5C07E1D2573}.Debug|x64.ActiveCfg = Debug|Any CPU
		{A7B6B837-BE84-4CE7-A6C7-C5C07E1D2573}.Debug|x64.Build.0 = Debug|Any CPU
		{A7B6B837-BE84-4CE7-A6C7-C5C07E1D2573}.Release|Any CPU.ActiveCfg = Release|Any CPU
		{A7B6B837-BE84-4CE7-A6C7-C5C07E1D2573}.Release|Any CPU.Build.0 = Release|Any CPU
		{A7B6B837-BE84-4CE7-A6C7-C5C07E1D2573}.Release|ARM.ActiveCfg = Release|Any CPU
		{A7B6B837-BE84-4CE7-A6C7-C5C07E1D2573}.Release|ARM.Build.0 = Release|Any CPU
		{A7B6B837-BE84-4CE7-A6C7-C5C07E1D2573}.Release|Mixed Platforms.ActiveCfg = Release|Any CPU
		{A7B6B837-BE84-4CE7-A6C7-C5C07E1D2573}.Release|Win32.ActiveCfg = Release|Any CPU
		{A7B6B837-BE84-4CE7-A6C7-C5C07E1D2573}.Release|x64.ActiveCfg = Release|Any CPU
		{A7B6B837-BE84-4CE7-A6C7-C5C07E1D2573}.Release|x64.Build.0 = Release|Any CPU
		{D340F2EE-A42A-47E0-8E17-A1A0ED9942DE}.Debug|Any CPU.ActiveCfg = Debug|Any CPU
		{D340F2EE-A42A-47E0-8E17-A1A0ED9942DE}.Debug|Any CPU.Build.0 = Debug|Any CPU
		{D340F2EE-A42A-47E0-8E17-A1A0ED9942DE}.Debug|ARM.ActiveCfg = Debug|Any CPU
		{D340F2EE-A42A-47E0-8E17-A1A0ED9942DE}.Debug|ARM.Build.0 = Debug|Any CPU
		{D340F2EE-A42A-47E0-8E17-A1A0ED9942DE}.Debug|Mixed Platforms.ActiveCfg = Debug|Any CPU
		{D340F2EE-A42A-47E0-8E17-A1A0ED9942DE}.Debug|Win32.ActiveCfg = Debug|Any CPU
		{D340F2EE-A42A-47E0-8E17-A1A0ED9942DE}.Debug|x64.ActiveCfg = Debug|Any CPU
		{D340F2EE-A42A-47E0-8E17-A1A0ED9942DE}.Debug|x64.Build.0 = Debug|Any CPU
		{D340F2EE-A42A-47E0-8E17-A1A0ED9942DE}.Release|Any CPU.ActiveCfg = Release|Any CPU
		{D340F2EE-A42A-47E0-8E17-A1A0ED9942DE}.Release|Any CPU.Build.0 = Release|Any CPU
		{D340F2EE-A42A-47E0-8E17-A1A0ED9942DE}.Release|ARM.ActiveCfg = Release|Any CPU
		{D340F2EE-A42A-47E0-8E17-A1A0ED9942DE}.Release|ARM.Build.0 = Release|Any CPU
		{D340F2EE-A42A-47E0-8E17-A1A0ED9942DE}.Release|Mixed Platforms.ActiveCfg = Release|Any CPU
		{D340F2EE-A42A-47E0-8E17-A1A0ED9942DE}.Release|Win32.ActiveCfg = Release|Any CPU
		{D340F2EE-A42A-47E0-8E17-A1A0ED9942DE}.Release|x64.ActiveCfg = Release|Any CPU
		{D340F2EE-A42A-47E0-8E17-A1A0ED9942DE}.Release|x64.Build.0 = Release|Any CPU
		{9F09CFF5-3F23-46E4-AF28-EBE011F492EA}.Debug|Any CPU.ActiveCfg = Debug|Any CPU
		{9F09CFF5-3F23-46E4-AF28-EBE011F492EA}.Debug|Any CPU.Build.0 = Debug|Any CPU
		{9F09CFF5-3F23-46E4-AF28-EBE011F492EA}.Debug|ARM.ActiveCfg = Debug|Any CPU
		{9F09CFF5-3F23-46E4-AF28-EBE011F492EA}.Debug|ARM.Build.0 = Debug|Any CPU
		{9F09CFF5-3F23-46E4-AF28-EBE011F492EA}.Debug|Mixed Platforms.ActiveCfg = Debug|Any CPU
		{9F09CFF5-3F23-46E4-AF28-EBE011F492EA}.Debug|Win32.ActiveCfg = Debug|Any CPU
		{9F09CFF5-3F23-46E4-AF28-EBE011F492EA}.Debug|x64.ActiveCfg = Debug|Any CPU
		{9F09CFF5-3F23-46E4-AF28-EBE011F492EA}.Debug|x64.Build.0 = Debug|Any CPU
		{9F09CFF5-3F23-46E4-AF28-EBE011F492EA}.Release|Any CPU.ActiveCfg = Release|Any CPU
		{9F09CFF5-3F23-46E4-AF28-EBE011F492EA}.Release|Any CPU.Build.0 = Release|Any CPU
		{9F09CFF5-3F23-46E4-AF28-EBE011F492EA}.Release|ARM.ActiveCfg = Release|Any CPU
		{9F09CFF5-3F23-46E4-AF28-EBE011F492EA}.Release|ARM.Build.0 = Release|Any CPU
		{9F09CFF5-3F23-46E4-AF28-EBE011F492EA}.Release|Mixed Platforms.ActiveCfg = Release|Any CPU
		{9F09CFF5-3F23-46E4-AF28-EBE011F492EA}.Release|Win32.ActiveCfg = Release|Any CPU
		{9F09CFF5-3F23-46E4-AF28-EBE011F492EA}.Release|Win32.Build.0 = Release|Any CPU
		{9F09CFF5-3F23-46E4-AF28-EBE011F492EA}.Release|x64.ActiveCfg = Release|Any CPU
		{9F09CFF5-3F23-46E4-AF28-EBE011F492EA}.Release|x64.Build.0 = Release|Any CPU
		{F3D47CD9-9D31-4ABB-9574-8BC3B535BC1E}.Debug|Any CPU.ActiveCfg = Debug|Any CPU
		{F3D47CD9-9D31-4ABB-9574-8BC3B535BC1E}.Debug|Any CPU.Build.0 = Debug|Any CPU
		{F3D47CD9-9D31-4ABB-9574-8BC3B535BC1E}.Debug|ARM.ActiveCfg = Debug|Any CPU
		{F3D47CD9-9D31-4ABB-9574-8BC3B535BC1E}.Debug|ARM.Build.0 = Debug|Any CPU
		{F3D47CD9-9D31-4ABB-9574-8BC3B535BC1E}.Debug|Mixed Platforms.ActiveCfg = Debug|Any CPU
		{F3D47CD9-9D31-4ABB-9574-8BC3B535BC1E}.Debug|Mixed Platforms.Build.0 = Debug|Any CPU
		{F3D47CD9-9D31-4ABB-9574-8BC3B535BC1E}.Debug|Win32.ActiveCfg = Debug|Any CPU
		{F3D47CD9-9D31-4ABB-9574-8BC3B535BC1E}.Debug|Win32.Build.0 = Debug|Any CPU
		{F3D47CD9-9D31-4ABB-9574-8BC3B535BC1E}.Debug|x64.ActiveCfg = Debug|Any CPU
		{F3D47CD9-9D31-4ABB-9574-8BC3B535BC1E}.Debug|x64.Build.0 = Debug|Any CPU
		{F3D47CD9-9D31-4ABB-9574-8BC3B535BC1E}.Release|Any CPU.ActiveCfg = Release|Any CPU
		{F3D47CD9-9D31-4ABB-9574-8BC3B535BC1E}.Release|Any CPU.Build.0 = Release|Any CPU
		{F3D47CD9-9D31-4ABB-9574-8BC3B535BC1E}.Release|ARM.ActiveCfg = Release|Any CPU
		{F3D47CD9-9D31-4ABB-9574-8BC3B535BC1E}.Release|ARM.Build.0 = Release|Any CPU
		{F3D47CD9-9D31-4ABB-9574-8BC3B535BC1E}.Release|Mixed Platforms.ActiveCfg = Release|Any CPU
		{F3D47CD9-9D31-4ABB-9574-8BC3B535BC1E}.Release|Mixed Platforms.Build.0 = Release|Any CPU
		{F3D47CD9-9D31-4ABB-9574-8BC3B535BC1E}.Release|Win32.ActiveCfg = Release|Any CPU
		{F3D47CD9-9D31-4ABB-9574-8BC3B535BC1E}.Release|Win32.Build.0 = Release|Any CPU
		{F3D47CD9-9D31-4ABB-9574-8BC3B535BC1E}.Release|x64.ActiveCfg = Release|Any CPU
		{F3D47CD9-9D31-4ABB-9574-8BC3B535BC1E}.Release|x64.Build.0 = Release|Any CPU
	EndGlobalSection
	GlobalSection(SolutionProperties) = preSolution
		HideSolutionNode = FALSE
	EndGlobalSection
EndGlobal
